
Microsoft Visual Studio Solution File, Format Version 12.00
# Visual Studio Version 17
VisualStudioVersion = 17.9.34616.47
MinimumVisualStudioVersion = 10.0.40219.1
Project("{9A19103F-16F7-4668-BE54-9A1E7A4F7556}") = "CodeFirstApi.PartTwo", "CodeFirstApi.PartTwo\CodeFirstApi.PartTwo.csproj", "{22DCC9D9-C72A-4D13-9067-EA36388D7167}"
	ProjectSection(ProjectDependencies) = postProject
		{2645B6BC-CE36-453E-B47C-648B613D9CEA} = {2645B6BC-CE36-453E-B47C-648B613D9CEA}
	EndProjectSection
EndProject
Project("{FAE04EC0-301F-11D3-BF4B-00C04F79EFBC}") = "CodeFirstApi.PartTwo.Data", "CodeFirstApi.PartTwo.Data\CodeFirstApi.PartTwo.Data.csproj", "{2645B6BC-CE36-453E-B47C-648B613D9CEA}"
EndProject
Project("{FAE04EC0-301F-11D3-BF4B-00C04F79EFBC}") = "CodeFirstApi.PartTwo.Service", "CodeFirstApi.PartTwo.Service\CodeFirstApi.PartTwo.Service.csproj", "{C7B17DC8-CF85-4080-9B8D-2CB259F5ED2C}"
EndProject
Project("{FAE04EC0-301F-11D3-BF4B-00C04F79EFBC}") = "CodeFirstApi.PartTwo.Repository", "CodeFirstApi.PartTwo.Repository\CodeFirstApi.PartTwo.Repository.csproj", "{F9753CC9-D721-4747-A2F7-13A5F386FA61}"
EndProject
Global
	GlobalSection(SolutionConfigurationPlatforms) = preSolution
		Debug|Any CPU = Debug|Any CPU
		Release|Any CPU = Release|Any CPU
	EndGlobalSection
	GlobalSection(ProjectConfigurationPlatforms) = postSolution
		{22DCC9D9-C72A-4D13-9067-EA36388D7167}.Debug|Any CPU.ActiveCfg = Debug|Any CPU
		{22DCC9D9-C72A-4D13-9067-EA36388D7167}.Debug|Any CPU.Build.0 = Debug|Any CPU
		{22DCC9D9-C72A-4D13-9067-EA36388D7167}.Release|Any CPU.ActiveCfg = Release|Any CPU
		{22DCC9D9-C72A-4D13-9067-EA36388D7167}.Release|Any CPU.Build.0 = Release|Any CPU
		{2645B6BC-CE36-453E-B47C-648B613D9CEA}.Debug|Any CPU.ActiveCfg = Debug|Any CPU
		{2645B6BC-CE36-453E-B47C-648B613D9CEA}.Debug|Any CPU.Build.0 = Debug|Any CPU
		{2645B6BC-CE36-453E-B47C-648B613D9CEA}.Release|Any CPU.ActiveCfg = Release|Any CPU
		{2645B6BC-CE36-453E-B47C-648B613D9CEA}.Release|Any CPU.Build.0 = Release|Any CPU
		{C7B17DC8-CF85-4080-9B8D-2CB259F5ED2C}.Debug|Any CPU.ActiveCfg = Debug|Any CPU
		{C7B17DC8-CF85-4080-9B8D-2CB259F5ED2C}.Debug|Any CPU.Build.0 = Debug|Any CPU
		{C7B17DC8-CF85-4080-9B8D-2CB259F5ED2C}.Release|Any CPU.ActiveCfg = Release|Any CPU
		{C7B17DC8-CF85-4080-9B8D-2CB259F5ED2C}.Release|Any CPU.Build.0 = Release|Any CPU
		{F9753CC9-D721-4747-A2F7-13A5F386FA61}.Debug|Any CPU.ActiveCfg = Debug|Any CPU
		{F9753CC9-D721-4747-A2F7-13A5F386FA61}.Debug|Any CPU.Build.0 = Debug|Any CPU
		{F9753CC9-D721-4747-A2F7-13A5F386FA61}.Release|Any CPU.ActiveCfg = Release|Any CPU
		{F9753CC9-D721-4747-A2F7-13A5F386FA61}.Release|Any CPU.Build.0 = Release|Any CPU
	EndGlobalSection
	GlobalSection(SolutionProperties) = preSolution
		HideSolutionNode = FALSE
	EndGlobalSection
	GlobalSection(ExtensibilityGlobals) = postSolution
		SolutionGuid = {9636B3FA-61D1-45FC-B078-E0D15044310F}
	EndGlobalSection
EndGlobal
